
Microsoft Visual Studio Solution File, Format Version 12.00
# Visual Studio Version 17
VisualStudioVersion = 17.9.34622.214
MinimumVisualStudioVersion = 10.0.40219.1
Project("{FAE04EC0-301F-11D3-BF4B-00C04F79EFBC}") = "WebProductos", "WebProductos.csproj", "{D57F95B6-562A-4C30-B1F4-4F5AD6A85AE4}"
EndProject
Global
	GlobalSection(SolutionConfigurationPlatforms) = preSolution
		Debug|Any CPU = Debug|Any CPU
		Release|Any CPU = Release|Any CPU
	EndGlobalSection
	GlobalSection(ProjectConfigurationPlatforms) = postSolution
		{D57F95B6-562A-4C30-B1F4-4F5AD6A85AE4}.Debug|Any CPU.ActiveCfg = Debug|Any CPU
		{D57F95B6-562A-4C30-B1F4-4F5AD6A85AE4}.Debug|Any CPU.Build.0 = Debug|Any CPU
		{D57F95B6-562A-4C30-B1F4-4F5AD6A85AE4}.Release|Any CPU.ActiveCfg = Release|Any CPU
		{D57F95B6-562A-4C30-B1F4-4F5AD6A85AE4}.Release|Any CPU.Build.0 = Release|Any CPU
	EndGlobalSection
	GlobalSection(SolutionProperties) = preSolution
		HideSolutionNode = FALSE
	EndGlobalSection
	GlobalSection(ExtensibilityGlobals) = postSolution
		SolutionGuid = {F148C872-B1A0-417D-BD52-B195DDEB4C91}
	EndGlobalSection
EndGlobal
