
Microsoft Visual Studio Solution File, Format Version 12.00
# Visual Studio Version 17
VisualStudioVersion = 17.4.33213.308
MinimumVisualStudioVersion = 10.0.40219.1
Project("{FAE04EC0-301F-11D3-BF4B-00C04F79EFBC}") = "BankApp", "BankApp\BankApp.csproj", "{F993225D-2E3B-4B74-8FBB-6F79354BBDE7}"
EndProject
Global
	GlobalSection(SolutionConfigurationPlatforms) = preSolution
		Debug|Any CPU = Debug|Any CPU
		Release|Any CPU = Release|Any CPU
	EndGlobalSection
	GlobalSection(ProjectConfigurationPlatforms) = postSolution
		{F993225D-2E3B-4B74-8FBB-6F79354BBDE7}.Debug|Any CPU.ActiveCfg = Debug|Any CPU
		{F993225D-2E3B-4B74-8FBB-6F79354BBDE7}.Debug|Any CPU.Build.0 = Debug|Any CPU
		{F993225D-2E3B-4B74-8FBB-6F79354BBDE7}.Release|Any CPU.ActiveCfg = Release|Any CPU
		{F993225D-2E3B-4B74-8FBB-6F79354BBDE7}.Release|Any CPU.Build.0 = Release|Any CPU
	EndGlobalSection
	GlobalSection(SolutionProperties) = preSolution
		HideSolutionNode = FALSE
	EndGlobalSection
	GlobalSection(ExtensibilityGlobals) = postSolution
		SolutionGuid = {61A43C4F-94CD-4E4E-96CD-3FEA09109DE2}
	EndGlobalSection
EndGlobal
